
Microsoft Visual Studio Solution File, Format Version 12.00
# Visual Studio Version 16
VisualStudioVersion = 16.0.31410.357
MinimumVisualStudioVersion = 10.0.40219.1
Project("{FAE04EC0-301F-11D3-BF4B-00C04F79EFBC}") = "pmtp2", "pmtp2.csproj", "{43DD06A2-7D11-4A65-830A-4AB5E51A9C3B}"
EndProject
Global
	GlobalSection(SolutionConfigurationPlatforms) = preSolution
		Debug|Any CPU = Debug|Any CPU
		Release|Any CPU = Release|Any CPU
	EndGlobalSection
	GlobalSection(ProjectConfigurationPlatforms) = postSolution
		{43DD06A2-7D11-4A65-830A-4AB5E51A9C3B}.Debug|Any CPU.ActiveCfg = Debug|Any CPU
		{43DD06A2-7D11-4A65-830A-4AB5E51A9C3B}.Debug|Any CPU.Build.0 = Debug|Any CPU
		{43DD06A2-7D11-4A65-830A-4AB5E51A9C3B}.Release|Any CPU.ActiveCfg = Release|Any CPU
		{43DD06A2-7D11-4A65-830A-4AB5E51A9C3B}.Release|Any CPU.Build.0 = Release|Any CPU
	EndGlobalSection
	GlobalSection(SolutionProperties) = preSolution
		HideSolutionNode = FALSE
	EndGlobalSection
	GlobalSection(ExtensibilityGlobals) = postSolution
		SolutionGuid = {22CC3859-B318-48FE-BBEF-1C01DF8DEBA1}
	EndGlobalSection
EndGlobal
